
Microsoft Visual Studio Solution File, Format Version 12.00
# Visual Studio Version 16
VisualStudioVersion = 16.0.30907.101
MinimumVisualStudioVersion = 10.0.40219.1
Project("{9A19103F-16F7-4668-BE54-9A1E7A4F7556}") = "GHost2", "GHost2\GHost2.csproj", "{A00FC7A6-AED3-446A-B936-9E1E990465C7}"
	ProjectSection(ProjectDependencies) = postProject
		{C57F0D98-F290-42C1-97BD-CD85B47A2FB4} = {C57F0D98-F290-42C1-97BD-CD85B47A2FB4}
	EndProjectSection
EndProject
Project("{9A19103F-16F7-4668-BE54-9A1E7A4F7556}") = "GHostConfig", "GHostConfig\GHostConfig.csproj", "{93F88970-E7EB-4227-8C10-C3577E2F4367}"
	ProjectSection(ProjectDependencies) = postProject
		{8A117B22-BD8B-469D-9D05-7D8566EE484E} = {8A117B22-BD8B-469D-9D05-7D8566EE484E}
		{F2C7C688-058D-47E7-9721-7F8866B05E5B} = {F2C7C688-058D-47E7-9721-7F8866B05E5B}
	EndProjectSection
EndProject
Project("{9A19103F-16F7-4668-BE54-9A1E7A4F7556}") = "DoorEditor", "DoorEditor\DoorEditor.csproj", "{8A117B22-BD8B-469D-9D05-7D8566EE484E}"
EndProject
Project("{9A19103F-16F7-4668-BE54-9A1E7A4F7556}") = "RMLib", "RMLib\RMLib.csproj", "{C57F0D98-F290-42C1-97BD-CD85B47A2FB4}"
EndProject
Project("{9A19103F-16F7-4668-BE54-9A1E7A4F7556}") = "RMLibUI", "RMLibUI\RMLibUI.csproj", "{01C2C32E-3FC5-4241-9725-D84AF6620D78}"
EndProject
Project("{9A19103F-16F7-4668-BE54-9A1E7A4F7556}") = "RloginClient", "RloginClient\RloginClient.csproj", "{F2C7C688-058D-47E7-9721-7F8866B05E5B}"
	ProjectSection(ProjectDependencies) = postProject
		{C57F0D98-F290-42C1-97BD-CD85B47A2FB4} = {C57F0D98-F290-42C1-97BD-CD85B47A2FB4}
	EndProjectSection
EndProject
Global
	GlobalSection(SolutionConfigurationPlatforms) = preSolution
		Debug|Any CPU = Debug|Any CPU
		Debug|x64 = Debug|x64
		Debug|x86 = Debug|x86
		Release|Any CPU = Release|Any CPU
		Release|x64 = Release|x64
		Release|x86 = Release|x86
	EndGlobalSection
	GlobalSection(ProjectConfigurationPlatforms) = postSolution
		{A00FC7A6-AED3-446A-B936-9E1E990465C7}.Debug|Any CPU.ActiveCfg = Debug|Any CPU
		{A00FC7A6-AED3-446A-B936-9E1E990465C7}.Debug|Any CPU.Build.0 = Debug|Any CPU
		{A00FC7A6-AED3-446A-B936-9E1E990465C7}.Debug|x64.ActiveCfg = Debug|Any CPU
		{A00FC7A6-AED3-446A-B936-9E1E990465C7}.Debug|x64.Build.0 = Debug|Any CPU
		{A00FC7A6-AED3-446A-B936-9E1E990465C7}.Debug|x86.ActiveCfg = Debug|Any CPU
		{A00FC7A6-AED3-446A-B936-9E1E990465C7}.Debug|x86.Build.0 = Debug|Any CPU
		{A00FC7A6-AED3-446A-B936-9E1E990465C7}.Release|Any CPU.ActiveCfg = Release|Any CPU
		{A00FC7A6-AED3-446A-B936-9E1E990465C7}.Release|Any CPU.Build.0 = Release|Any CPU
		{A00FC7A6-AED3-446A-B936-9E1E990465C7}.Release|x64.ActiveCfg = Release|Any CPU
		{A00FC7A6-AED3-446A-B936-9E1E990465C7}.Release|x64.Build.0 = Release|Any CPU
		{A00FC7A6-AED3-446A-B936-9E1E990465C7}.Release|x86.ActiveCfg = Release|Any CPU
		{A00FC7A6-AED3-446A-B936-9E1E990465C7}.Release|x86.Build.0 = Release|Any CPU
		{93F88970-E7EB-4227-8C10-C3577E2F4367}.Debug|Any CPU.ActiveCfg = Debug|Any CPU
		{93F88970-E7EB-4227-8C10-C3577E2F4367}.Debug|Any CPU.Build.0 = Debug|Any CPU
		{93F88970-E7EB-4227-8C10-C3577E2F4367}.Debug|x64.ActiveCfg = Debug|Any CPU
		{93F88970-E7EB-4227-8C10-C3577E2F4367}.Debug|x64.Build.0 = Debug|Any CPU
		{93F88970-E7EB-4227-8C10-C3577E2F4367}.Debug|x86.ActiveCfg = Debug|Any CPU
		{93F88970-E7EB-4227-8C10-C3577E2F4367}.Debug|x86.Build.0 = Debug|Any CPU
		{93F88970-E7EB-4227-8C10-C3577E2F4367}.Release|Any CPU.ActiveCfg = Release|Any CPU
		{93F88970-E7EB-4227-8C10-C3577E2F4367}.Release|Any CPU.Build.0 = Release|Any CPU
		{93F88970-E7EB-4227-8C10-C3577E2F4367}.Release|x64.ActiveCfg = Release|Any CPU
		{93F88970-E7EB-4227-8C10-C3577E2F4367}.Release|x64.Build.0 = Release|Any CPU
		{93F88970-E7EB-4227-8C10-C3577E2F4367}.Release|x86.ActiveCfg = Release|Any CPU
		{93F88970-E7EB-4227-8C10-C3577E2F4367}.Release|x86.Build.0 = Release|Any CPU
		{8A117B22-BD8B-469D-9D05-7D8566EE484E}.Debug|Any CPU.ActiveCfg = Debug|Any CPU
		{8A117B22-BD8B-469D-9D05-7D8566EE484E}.Debug|Any CPU.Build.0 = Debug|Any CPU
		{8A117B22-BD8B-469D-9D05-7D8566EE484E}.Debug|x64.ActiveCfg = Debug|Any CPU
		{8A117B22-BD8B-469D-9D05-7D8566EE484E}.Debug|x64.Build.0 = Debug|Any CPU
		{8A117B22-BD8B-469D-9D05-7D8566EE484E}.Debug|x86.ActiveCfg = Debug|Any CPU
		{8A117B22-BD8B-469D-9D05-7D8566EE484E}.Debug|x86.Build.0 = Debug|Any CPU
		{8A117B22-BD8B-469D-9D05-7D8566EE484E}.Release|Any CPU.ActiveCfg = Release|Any CPU
		{8A117B22-BD8B-469D-9D05-7D8566EE484E}.Release|Any CPU.Build.0 = Release|Any CPU
		{8A117B22-BD8B-469D-9D05-7D8566EE484E}.Release|x64.ActiveCfg = Release|Any CPU
		{8A117B22-BD8B-469D-9D05-7D8566EE484E}.Release|x64.Build.0 = Release|Any CPU
		{8A117B22-BD8B-469D-9D05-7D8566EE484E}.Release|x86.ActiveCfg = Release|Any CPU
		{8A117B22-BD8B-469D-9D05-7D8566EE484E}.Release|x86.Build.0 = Release|Any CPU
		{C57F0D98-F290-42C1-97BD-CD85B47A2FB4}.Debug|Any CPU.ActiveCfg = Debug|Any CPU
		{C57F0D98-F290-42C1-97BD-CD85B47A2FB4}.Debug|Any CPU.Build.0 = Debug|Any CPU
		{C57F0D98-F290-42C1-97BD-CD85B47A2FB4}.Debug|x64.ActiveCfg = Debug|Any CPU
		{C57F0D98-F290-42C1-97BD-CD85B47A2FB4}.Debug|x64.Build.0 = Debug|Any CPU
		{C57F0D98-F290-42C1-97BD-CD85B47A2FB4}.Debug|x86.ActiveCfg = Debug|Any CPU
		{C57F0D98-F290-42C1-97BD-CD85B47A2FB4}.Debug|x86.Build.0 = Debug|Any CPU
		{C57F0D98-F290-42C1-97BD-CD85B47A2FB4}.Release|Any CPU.ActiveCfg = Release|Any CPU
		{C57F0D98-F290-42C1-97BD-CD85B47A2FB4}.Release|Any CPU.Build.0 = Release|Any CPU
		{C57F0D98-F290-42C1-97BD-CD85B47A2FB4}.Release|x64.ActiveCfg = Release|Any CPU
		{C57F0D98-F290-42C1-97BD-CD85B47A2FB4}.Release|x64.Build.0 = Release|Any CPU
		{C57F0D98-F290-42C1-97BD-CD85B47A2FB4}.Release|x86.ActiveCfg = Release|Any CPU
		{C57F0D98-F290-42C1-97BD-CD85B47A2FB4}.Release|x86.Build.0 = Release|Any CPU
		{01C2C32E-3FC5-4241-9725-D84AF6620D78}.Debug|Any CPU.ActiveCfg = Debug|Any CPU
		{01C2C32E-3FC5-4241-9725-D84AF6620D78}.Debug|Any CPU.Build.0 = Debug|Any CPU
		{01C2C32E-3FC5-4241-9725-D84AF6620D78}.Debug|x64.ActiveCfg = Debug|Any CPU
		{01C2C32E-3FC5-4241-9725-D84AF6620D78}.Debug|x64.Build.0 = Debug|Any CPU
		{01C2C32E-3FC5-4241-9725-D84AF6620D78}.Debug|x86.ActiveCfg = Debug|Any CPU
		{01C2C32E-3FC5-4241-9725-D84AF6620D78}.Debug|x86.Build.0 = Debug|Any CPU
		{01C2C32E-3FC5-4241-9725-D84AF6620D78}.Release|Any CPU.ActiveCfg = Release|Any CPU
		{01C2C32E-3FC5-4241-9725-D84AF6620D78}.Release|Any CPU.Build.0 = Release|Any CPU
		{01C2C32E-3FC5-4241-9725-D84AF6620D78}.Release|x64.ActiveCfg = Release|Any CPU
		{01C2C32E-3FC5-4241-9725-D84AF6620D78}.Release|x64.Build.0 = Release|Any CPU
		{01C2C32E-3FC5-4241-9725-D84AF6620D78}.Release|x86.ActiveCfg = Release|Any CPU
		{01C2C32E-3FC5-4241-9725-D84AF6620D78}.Release|x86.Build.0 = Release|Any CPU
		{F2C7C688-058D-47E7-9721-7F8866B05E5B}.Debug|Any CPU.ActiveCfg = Debug|Any CPU
		{F2C7C688-058D-47E7-9721-7F8866B05E5B}.Debug|Any CPU.Build.0 = Debug|Any CPU
		{F2C7C688-058D-47E7-9721-7F8866B05E5B}.Debug|x64.ActiveCfg = Debug|Any CPU
		{F2C7C688-058D-47E7-9721-7F8866B05E5B}.Debug|x64.Build.0 = Debug|Any CPU
		{F2C7C688-058D-47E7-9721-7F8866B05E5B}.Debug|x86.ActiveCfg = Debug|Any CPU
		{F2C7C688-058D-47E7-9721-7F8866B05E5B}.Debug|x86.Build.0 = Debug|Any CPU
		{F2C7C688-058D-47E7-9721-7F8866B05E5B}.Release|Any CPU.ActiveCfg = Release|Any CPU
		{F2C7C688-058D-47E7-9721-7F8866B05E5B}.Release|Any CPU.Build.0 = Release|Any CPU
		{F2C7C688-058D-47E7-9721-7F8866B05E5B}.Release|x64.ActiveCfg = Release|Any CPU
		{F2C7C688-058D-47E7-9721-7F8866B05E5B}.Release|x64.Build.0 = Release|Any CPU
		{F2C7C688-058D-47E7-9721-7F8866B05E5B}.Release|x86.ActiveCfg = Release|Any CPU
		{F2C7C688-058D-47E7-9721-7F8866B05E5B}.Release|x86.Build.0 = Release|Any CPU
	EndGlobalSection
	GlobalSection(SolutionProperties) = preSolution
		HideSolutionNode = FALSE
	EndGlobalSection
	GlobalSection(ExtensibilityGlobals) = postSolution
		SolutionGuid = {06F772AF-C8D5-4602-ADFB-3DD491A10D61}
	EndGlobalSection
EndGlobal
